
Microsoft Visual Studio Solution File, Format Version 12.00
# Visual Studio Version 17
VisualStudioVersion = 17.13.35806.99 d17.13
MinimumVisualStudioVersion = 10.0.40219.1
Project("{FAE04EC0-301F-11D3-BF4B-00C04F79EFBC}") = "CapaPresentacionAdmin", "CapaPresentacionAdmin\CapaPresentacionAdmin.csproj", "{09752CB0-D063-451A-B244-AE0C53FA4F0E}"
EndProject
Project("{FAE04EC0-301F-11D3-BF4B-00C04F79EFBC}") = "CapaPresentacionTienda", "CapaPresentacionTienda\CapaPresentacionTienda.csproj", "{BF1B6EA2-1119-4483-9B25-D56BC0EA6179}"
EndProject
Global
	GlobalSection(SolutionConfigurationPlatforms) = preSolution
		Debug|Any CPU = Debug|Any CPU
		Release|Any CPU = Release|Any CPU
	EndGlobalSection
	GlobalSection(ProjectConfigurationPlatforms) = postSolution
		{09752CB0-D063-451A-B244-AE0C53FA4F0E}.Debug|Any CPU.ActiveCfg = Debug|Any CPU
		{09752CB0-D063-451A-B244-AE0C53FA4F0E}.Debug|Any CPU.Build.0 = Debug|Any CPU
		{09752CB0-D063-451A-B244-AE0C53FA4F0E}.Release|Any CPU.ActiveCfg = Release|Any CPU
		{09752CB0-D063-451A-B244-AE0C53FA4F0E}.Release|Any CPU.Build.0 = Release|Any CPU
		{BF1B6EA2-1119-4483-9B25-D56BC0EA6179}.Debug|Any CPU.ActiveCfg = Debug|Any CPU
		{BF1B6EA2-1119-4483-9B25-D56BC0EA6179}.Debug|Any CPU.Build.0 = Debug|Any CPU
		{BF1B6EA2-1119-4483-9B25-D56BC0EA6179}.Release|Any CPU.ActiveCfg = Release|Any CPU
		{BF1B6EA2-1119-4483-9B25-D56BC0EA6179}.Release|Any CPU.Build.0 = Release|Any CPU
	EndGlobalSection
	GlobalSection(SolutionProperties) = preSolution
		HideSolutionNode = FALSE
	EndGlobalSection
	GlobalSection(ExtensibilityGlobals) = postSolution
		SolutionGuid = {3D74137D-1943-4547-A509-3DEA0EC77061}
	EndGlobalSection
EndGlobal
